
Microsoft Visual Studio Solution File, Format Version 12.00
# Visual Studio Version 17
VisualStudioVersion = 17.6.33801.468
MinimumVisualStudioVersion = 10.0.40219.1
Project("{FAE04EC0-301F-11D3-BF4B-00C04F79EFBC}") = "JsonOpgaveAndreas", "JsonOpgaveAndreas\JsonOpgaveAndreas.csproj", "{E3A87B71-DFDC-4007-9B29-DAA6D80ADEAD}"
EndProject
Global
	GlobalSection(SolutionConfigurationPlatforms) = preSolution
		Debug|Any CPU = Debug|Any CPU
		Release|Any CPU = Release|Any CPU
	EndGlobalSection
	GlobalSection(ProjectConfigurationPlatforms) = postSolution
		{E3A87B71-DFDC-4007-9B29-DAA6D80ADEAD}.Debug|Any CPU.ActiveCfg = Debug|Any CPU
		{E3A87B71-DFDC-4007-9B29-DAA6D80ADEAD}.Debug|Any CPU.Build.0 = Debug|Any CPU
		{E3A87B71-DFDC-4007-9B29-DAA6D80ADEAD}.Release|Any CPU.ActiveCfg = Release|Any CPU
		{E3A87B71-DFDC-4007-9B29-DAA6D80ADEAD}.Release|Any CPU.Build.0 = Release|Any CPU
	EndGlobalSection
	GlobalSection(SolutionProperties) = preSolution
		HideSolutionNode = FALSE
	EndGlobalSection
	GlobalSection(ExtensibilityGlobals) = postSolution
		SolutionGuid = {C3F1C096-6C2C-46F8-AEA4-31BB54DB42AE}
	EndGlobalSection
EndGlobal
